
Microsoft Visual Studio Solution File, Format Version 12.00
# Visual Studio Version 17
VisualStudioVersion = 17.10.35201.131
MinimumVisualStudioVersion = 10.0.40219.1
Project("{FAE04EC0-301F-11D3-BF4B-00C04F79EFBC}") = "DesafioRocketSeat1", "DesafioRocketSeat1\DesafioRocketSeat1.csproj", "{5793A380-52CA-4D9E-B96F-4978053C6CE3}"
EndProject
Global
	GlobalSection(SolutionConfigurationPlatforms) = preSolution
		Debug|Any CPU = Debug|Any CPU
		Release|Any CPU = Release|Any CPU
	EndGlobalSection
	GlobalSection(ProjectConfigurationPlatforms) = postSolution
		{5793A380-52CA-4D9E-B96F-4978053C6CE3}.Debug|Any CPU.ActiveCfg = Debug|Any CPU
		{5793A380-52CA-4D9E-B96F-4978053C6CE3}.Debug|Any CPU.Build.0 = Debug|Any CPU
		{5793A380-52CA-4D9E-B96F-4978053C6CE3}.Release|Any CPU.ActiveCfg = Release|Any CPU
		{5793A380-52CA-4D9E-B96F-4978053C6CE3}.Release|Any CPU.Build.0 = Release|Any CPU
	EndGlobalSection
	GlobalSection(SolutionProperties) = preSolution
		HideSolutionNode = FALSE
	EndGlobalSection
	GlobalSection(ExtensibilityGlobals) = postSolution
		SolutionGuid = {986E6E44-39D1-46C7-B9F4-469D7CDC4E5A}
	EndGlobalSection
EndGlobal
